# This file is automatically @generated by Poetry 2.1.1 and should not be changed by hand.

[[package]]
name = "invoke"
version = "2.2.1"
description = "Pythonic task execution"
optional = false
python-versions = ">=3.6"
groups = ["main"]
files = [
    {file = "invoke-2.2.1-py3-none-any.whl", hash = "sha256:2413bc441b376e5cd3f55bb5d364f973ad8bdd7bf87e53c79de3c11bf3feecc8"},
    {file = "invoke-2.2.1.tar.gz", hash = "sha256:515bf49b4a48932b79b024590348da22f39c4942dff991ad1fb8b8baea1be707"},
]

[metadata]
lock-version = "2.1"
python-versions = "^3.12"
content-hash = "137f61cb8cde858104dc77d297535b416875ada89af58c0e42bdea946b4da883"
